
Microsoft Visual Studio Solution File, Format Version 12.00
# Visual Studio Version 17
VisualStudioVersion = 17.4.33213.308
MinimumVisualStudioVersion = 10.0.40219.1
Project("{FAE04EC0-301F-11D3-BF4B-00C04F79EFBC}") = "ChumBucketProject", "ChumBucketProject.csproj", "{52DD9FF4-FB4D-41B1-BE32-D82DE831A639}"
EndProject
Global
	GlobalSection(SolutionConfigurationPlatforms) = preSolution
		Debug|Any CPU = Debug|Any CPU
		Release|Any CPU = Release|Any CPU
	EndGlobalSection
	GlobalSection(ProjectConfigurationPlatforms) = postSolution
		{52DD9FF4-FB4D-41B1-BE32-D82DE831A639}.Debug|Any CPU.ActiveCfg = Debug|Any CPU
		{52DD9FF4-FB4D-41B1-BE32-D82DE831A639}.Debug|Any CPU.Build.0 = Debug|Any CPU
		{52DD9FF4-FB4D-41B1-BE32-D82DE831A639}.Release|Any CPU.ActiveCfg = Release|Any CPU
		{52DD9FF4-FB4D-41B1-BE32-D82DE831A639}.Release|Any CPU.Build.0 = Release|Any CPU
	EndGlobalSection
	GlobalSection(SolutionProperties) = preSolution
		HideSolutionNode = FALSE
	EndGlobalSection
	GlobalSection(ExtensibilityGlobals) = postSolution
		SolutionGuid = {5D27DA67-4597-4273-BCC2-A5C76EEB9F23}
	EndGlobalSection
EndGlobal
